dependencies:
- name: postgresql
  repository: https://charts.bitnami.com/bitnami/
  version: 16.4.6
- name: nginx
  repository: https://charts.bitnami.com/bitnami/
  version: 18.3.5
- name: grafana
  repository: https://grafana.github.io/helm-charts
  version: 8.9.0
- name: loki-stack
  repository: https://grafana.github.io/helm-charts
  version: 2.10.2
digest: sha256:30f7e8773bf54d2b11b94059a2abf10eb67df6a6c430c3b7c2df966668f6f9ec
generated: "2025-02-06T10:13:48.005856424+01:00"
