dependencies:
- name: postgresql
  repository: https://charts.bitnami.com/bitnami/
  version: 16.4.6
- name: nginx
  repository: https://charts.bitnami.com/bitnami/
  version: 18.3.6
- name: loki
  repository: https://grafana.github.io/helm-charts
  version: 6.25.1
- name: promtail
  repository: https://grafana.github.io/helm-charts
  version: 6.16.6
- name: kube-prometheus-stack
  repository: https://prometheus-community.github.io/helm-charts
  version: 69.2.0
- name: prometheus-adapter
  repository: https://prometheus-community.github.io/helm-charts
  version: 4.11.0
- name: k6-operator
  repository: https://grafana.github.io/helm-charts
  version: 3.11.0
digest: sha256:f1b962287469b015d5aea0fcbc6a01cdf4b8945e0f1b00a5d25e0f7c11f5b047
generated: "2025-02-08T09:59:45.268401344+01:00"
