dependencies:
- name: postgresql
  repository: https://charts.bitnami.com/bitnami/
  version: 16.4.6
- name: nginx
  repository: https://charts.bitnami.com/bitnami/
  version: 18.3.6
- name: loki
  repository: https://grafana.github.io/helm-charts
  version: 6.25.1
- name: promtail
  repository: https://grafana.github.io/helm-charts
  version: 6.16.6
- name: kube-prometheus-stack
  repository: https://prometheus-community.github.io/helm-charts
  version: 69.2.0
digest: sha256:4a4439f5d1be0ec49d486cbf9a663d10f1d3489f89b6a1be0631b6c7529134e7
generated: "2025-02-07T10:38:20.914191959+01:00"
